// !$*UTF8*$!
{
	archiveVersion = 1;
	classes = {
	};
	objectVersion = 54;
	objects = {

/* Begin PBXBuildFile section */
		158295C82BA1E67E00E8072F /* Alamofire in Frameworks */ = {isa = PBXBuildFile; productRef = 158295C72BA1E67E00E8072F /* Alamofire */; };
		158295CA2BA1E6B400E8072F /* FirebaseDatabase in Frameworks */ = {isa = PBXBuildFile; productRef = 158295C92BA1E6B400E8072F /* FirebaseDatabase */; };
		158295CF2BA1E8A500E8072F /* Starscream in Frameworks */ = {isa = PBXBuildFile; productRef = 158295CE2BA1E8A500E8072F /* Starscream */; };
		15E306542BA1E0D6009B1C1D /* SwiftyJSON in Frameworks */ = {isa = PBXBuildFile; productRef = 15E306532BA1E0D6009B1C1D /* SwiftyJSON */; };
		75021374286227C60078453E /* ItemTick.swift in Sources */ = {isa = PBXBuildFile; fileRef = 75021372286227C60078453E /* ItemTick.swift */; };
		75021375286227C60078453E /* ItemTick.xib in Resources */ = {isa = PBXBuildFile; fileRef = 75021373286227C60078453E /* ItemTick.xib */; };
		755129F32862F8E800EC3CDF /* upbit.png in Resources */ = {isa = PBXBuildFile; fileRef = 755129F12862F8E800EC3CDF /* upbit.png */; };
		755129F42862F8E800EC3CDF /* binance.png in Resources */ = {isa = PBXBuildFile; fileRef = 755129F22862F8E800EC3CDF /* binance.png */; };
		755E39211F081FA400CA6BBC /* AppDelegate.swift in Sources */ = {isa = PBXBuildFile; fileRef = 755E39201F081FA400CA6BBC /* AppDelegate.swift */; };
		755E39251F081FA400CA6BBC /* Assets.xcassets in Resources */ = {isa = PBXBuildFile; fileRef = 755E39241F081FA400CA6BBC /* Assets.xcassets */; };
		755E39281F081FA400CA6BBC /* Main.storyboard in Resources */ = {isa = PBXBuildFile; fileRef = 755E39261F081FA400CA6BBC /* Main.storyboard */; };
		755E39311F08206E00CA6BBC /* VCPopover.swift in Sources */ = {isa = PBXBuildFile; fileRef = 755E392F1F08206E00CA6BBC /* VCPopover.swift */; };
		755E39321F08206E00CA6BBC /* VCPopover.xib in Resources */ = {isa = PBXBuildFile; fileRef = 755E39301F08206E00CA6BBC /* VCPopover.xib */; };
		755E39391F08208000CA6BBC /* Api.swift in Sources */ = {isa = PBXBuildFile; fileRef = 755E39351F08208000CA6BBC /* Api.swift */; };
		755E393A1F08208000CA6BBC /* Const.swift in Sources */ = {isa = PBXBuildFile; fileRef = 755E39361F08208000CA6BBC /* Const.swift */; };
		755E393B1F08208000CA6BBC /* Extension.swift in Sources */ = {isa = PBXBuildFile; fileRef = 755E39371F08208000CA6BBC /* Extension.swift */; };
		755E39401F08208600CA6BBC /* Tick.swift in Sources */ = {isa = PBXBuildFile; fileRef = 755E393E1F08208600CA6BBC /* Tick.swift */; };
		75CEB1A42861FD260088DB22 /* ItemCoin.swift in Sources */ = {isa = PBXBuildFile; fileRef = 75CEB1A22861FD260088DB22 /* ItemCoin.swift */; };
		75CEB1A52861FD260088DB22 /* ItemCoin.xib in Resources */ = {isa = PBXBuildFile; fileRef = 75CEB1A32861FD260088DB22 /* ItemCoin.xib */; };
		75E1C85728C201330061D0B0 /* FirebaseAnalyticsSwift in Frameworks */ = {isa = PBXBuildFile; productRef = 75E1C85628C201330061D0B0 /* FirebaseAnalyticsSwift */; };
		75E1C85928C201330061D0B0 /* FirebaseCrashlytics in Frameworks */ = {isa = PBXBuildFile; productRef = 75E1C85828C201330061D0B0 /* FirebaseCrashlytics */; };
		75E1C85B28C201330061D0B0 /* FirebaseRemoteConfigSwift in Frameworks */ = {isa = PBXBuildFile; productRef = 75E1C85A28C201330061D0B0 /* FirebaseRemoteConfigSwift */; };
		75E1C86328C6618B0061D0B0 /* GoogleService-Info.plist in Resources */ = {isa = PBXBuildFile; fileRef = 75E1C86228C6618B0061D0B0 /* GoogleService-Info.plist */; };
		75E6549F1F175B8400230402 /* Site.swift in Sources */ = {isa = PBXBuildFile; fileRef = 75E6549E1F175B8400230402 /* Site.swift */; };
		75E654A11F175C9F00230402 /* Coin.swift in Sources */ = {isa = PBXBuildFile; fileRef = 75E654A01F175C9F00230402 /* Coin.swift */; };
		75E654A31F1761A400230402 /* MyValue.swift in Sources */ = {isa = PBXBuildFile; fileRef = 75E654A21F1761A400230402 /* MyValue.swift */; };
		75F538251F1946F200884EAA /* PopoverContentView.swift in Sources */ = {isa = PBXBuildFile; fileRef = 75F538241F1946F200884EAA /* PopoverContentView.swift */; };
		75F86F7F28640CDE0048132C /* HeaderCoin.swift in Sources */ = {isa = PBXBuildFile; fileRef = 75F86F7E28640CDE0048132C /* HeaderCoin.swift */; };
		75F86F8128640CEA0048132C /* HeaderCoin.xib in Resources */ = {isa = PBXBuildFile; fileRef = 75F86F8028640CEA0048132C /* HeaderCoin.xib */; };
		75F86F87286586F40048132C /* WSocket.swift in Sources */ = {isa = PBXBuildFile; fileRef = 75F86F86286586F40048132C /* WSocket.swift */; };
		75F8CFE028BA009500DD568A /* Reachability.swift in Sources */ = {isa = PBXBuildFile; fileRef = 75F8CFDF28BA009400DD568A /* Reachability.swift */; };
/* End PBXBuildFile section */

/* Begin PBXFileReference section */
		75021372286227C60078453E /* ItemTick.swift */ = {isa = PBXFileReference; lastKnownFileType = sourcecode.swift; path = ItemTick.swift; sourceTree = "<group>"; };
		75021373286227C60078453E /* ItemTick.xib */ = {isa = PBXFileReference; lastKnownFileType = file.xib; path = ItemTick.xib; sourceTree = "<group>"; };
		755129F12862F8E800EC3CDF /* upbit.png */ = {isa = PBXFileReference; lastKnownFileType = image.png; path = upbit.png; sourceTree = "<group>"; };
		755129F22862F8E800EC3CDF /* binance.png */ = {isa = PBXFileReference; lastKnownFileType = image.png; path = binance.png; sourceTree = "<group>"; };
		755E391D1F081FA400CA6BBC /* CoinNow.app */ = {isa = PBXFileReference; explicitFileType = wrapper.application; includeInIndex = 0; path = CoinNow.app; sourceTree = BUILT_PRODUCTS_DIR; };
		755E39201F081FA400CA6BBC /* AppDelegate.swift */ = {isa = PBXFileReference; lastKnownFileType = sourcecode.swift; path = AppDelegate.swift; sourceTree = "<group>"; };
		755E39241F081FA400CA6BBC /* Assets.xcassets */ = {isa = PBXFileReference; lastKnownFileType = folder.assetcatalog; path = Assets.xcassets; sourceTree = "<group>"; };
		755E39271F081FA400CA6BBC /* Base */ = {isa = PBXFileReference; lastKnownFileType = file.storyboard; name = Base; path = Base.lproj/Main.storyboard; sourceTree = "<group>"; };
		755E39291F081FA400CA6BBC /* Info.plist */ = {isa = PBXFileReference; lastKnownFileType = text.plist.xml; path = Info.plist; sourceTree = "<group>"; };
		755E392F1F08206E00CA6BBC /* VCPopover.swift */ = {isa = PBXFileReference; fileEncoding = 4; lastKnownFileType = sourcecode.swift; path = VCPopover.swift; sourceTree = "<group>"; };
		755E39301F08206E00CA6BBC /* VCPopover.xib */ = {isa = PBXFileReference; fileEncoding = 4; lastKnownFileType = file.xib; path = VCPopover.xib; sourceTree = "<group>"; };
		755E39351F08208000CA6BBC /* Api.swift */ = {isa = PBXFileReference; fileEncoding = 4; lastKnownFileType = sourcecode.swift; path = Api.swift; sourceTree = "<group>"; };
		755E39361F08208000CA6BBC /* Const.swift */ = {isa = PBXFileReference; fileEncoding = 4; lastKnownFileType = sourcecode.swift; path = Const.swift; sourceTree = "<group>"; };
		755E39371F08208000CA6BBC /* Extension.swift */ = {isa = PBXFileReference; fileEncoding = 4; lastKnownFileType = sourcecode.swift; path = Extension.swift; sourceTree = "<group>"; };
		755E393E1F08208600CA6BBC /* Tick.swift */ = {isa = PBXFileReference; fileEncoding = 4; lastKnownFileType = sourcecode.swift; path = Tick.swift; sourceTree = "<group>"; };
		75CEB1A22861FD260088DB22 /* ItemCoin.swift */ = {isa = PBXFileReference; lastKnownFileType = sourcecode.swift; path = ItemCoin.swift; sourceTree = "<group>"; };
		75CEB1A32861FD260088DB22 /* ItemCoin.xib */ = {isa = PBXFileReference; lastKnownFileType = file.xib; path = ItemCoin.xib; sourceTree = "<group>"; };
		75E1C86228C6618B0061D0B0 /* GoogleService-Info.plist */ = {isa = PBXFileReference; fileEncoding = 4; lastKnownFileType = text.plist.xml; path = "GoogleService-Info.plist"; sourceTree = "<group>"; };
		75E654581F0A4E5300230402 /* CoinNow.entitlements */ = {isa = PBXFileReference; lastKnownFileType = text.plist.entitlements; path = CoinNow.entitlements; sourceTree = "<group>"; };
		75E654991F1684E200230402 /* NanumSquareL.ttf */ = {isa = PBXFileReference; lastKnownFileType = file; path = NanumSquareL.ttf; sourceTree = "<group>"; };
		75E6549A1F1684E200230402 /* NanumSquareR.ttf */ = {isa = PBXFileReference; lastKnownFileType = file; path = NanumSquareR.ttf; sourceTree = "<group>"; };
		75E6549E1F175B8400230402 /* Site.swift */ = {isa = PBXFileReference; fileEncoding = 4; lastKnownFileType = sourcecode.swift; path = Site.swift; sourceTree = "<group>"; };
		75E654A01F175C9F00230402 /* Coin.swift */ = {isa = PBXFileReference; fileEncoding = 4; lastKnownFileType = sourcecode.swift; path = Coin.swift; sourceTree = "<group>"; };
		75E654A21F1761A400230402 /* MyValue.swift */ = {isa = PBXFileReference; fileEncoding = 4; lastKnownFileType = sourcecode.swift; path = MyValue.swift; sourceTree = "<group>"; };
		75F538241F1946F200884EAA /* PopoverContentView.swift */ = {isa = PBXFileReference; fileEncoding = 4; lastKnownFileType = sourcecode.swift; path = PopoverContentView.swift; sourceTree = "<group>"; };
		75F86F7E28640CDE0048132C /* HeaderCoin.swift */ = {isa = PBXFileReference; lastKnownFileType = sourcecode.swift; path = HeaderCoin.swift; sourceTree = "<group>"; };
		75F86F8028640CEA0048132C /* HeaderCoin.xib */ = {isa = PBXFileReference; lastKnownFileType = file.xib; path = HeaderCoin.xib; sourceTree = "<group>"; };
		75F86F86286586F40048132C /* WSocket.swift */ = {isa = PBXFileReference; fileEncoding = 4; lastKnownFileType = sourcecode.swift; path = WSocket.swift; sourceTree = "<group>"; };
		75F8CFDF28BA009400DD568A /* Reachability.swift */ = {isa = PBXFileReference; lastKnownFileType = sourcecode.swift; path = Reachability.swift; sourceTree = "<group>"; };
/* End PBXFileReference section */

/* Begin PBXFrameworksBuildPhase section */
		755E391A1F081FA400CA6BBC /* Frameworks */ = {
			isa = PBXFrameworksBuildPhase;
			buildActionMask = 2147483647;
			files = (
				158295CF2BA1E8A500E8072F /* Starscream in Frameworks */,
				75E1C85928C201330061D0B0 /* FirebaseCrashlytics in Frameworks */,
				75E1C85B28C201330061D0B0 /* FirebaseRemoteConfigSwift in Frameworks */,
				75E1C85728C201330061D0B0 /* FirebaseAnalyticsSwift in Frameworks */,
				158295C82BA1E67E00E8072F /* Alamofire in Frameworks */,
				15E306542BA1E0D6009B1C1D /* SwiftyJSON in Frameworks */,
				158295CA2BA1E6B400E8072F /* FirebaseDatabase in Frameworks */,
			);
			runOnlyForDeploymentPostprocessing = 0;
		};
/* End PBXFrameworksBuildPhase section */

/* Begin PBXGroup section */
		755E39141F081FA400CA6BBC = {
			isa = PBXGroup;
			children = (
				755E391F1F081FA400CA6BBC /* CoinNow */,
				755E391E1F081FA400CA6BBC /* Products */,
				F1B0EBF2BA831BFD2239AD6E /* Frameworks */,
			);
			sourceTree = "<group>";
		};
		755E391E1F081FA400CA6BBC /* Products */ = {
			isa = PBXGroup;
			children = (
				755E391D1F081FA400CA6BBC /* CoinNow.app */,
			);
			name = Products;
			sourceTree = "<group>";
		};
		755E391F1F081FA400CA6BBC /* CoinNow */ = {
			isa = PBXGroup;
			children = (
				75E654581F0A4E5300230402 /* CoinNow.entitlements */,
				755E39201F081FA400CA6BBC /* AppDelegate.swift */,
				75F86F7D28640C480048132C /* VC */,
				755E39331F08207200CA6BBC /* Model */,
				755E39341F08207700CA6BBC /* Util */,
				75E6549B1F1684E700230402 /* Resources */,
				755E39241F081FA400CA6BBC /* Assets.xcassets */,
				755E39261F081FA400CA6BBC /* Main.storyboard */,
				755E39291F081FA400CA6BBC /* Info.plist */,
				75E1C86228C6618B0061D0B0 /* GoogleService-Info.plist */,
			);
			path = CoinNow;
			sourceTree = "<group>";
		};
		755E39331F08207200CA6BBC /* Model */ = {
			isa = PBXGroup;
			children = (
				75E6549E1F175B8400230402 /* Site.swift */,
				75E654A01F175C9F00230402 /* Coin.swift */,
				75F86F86286586F40048132C /* WSocket.swift */,
				755E393E1F08208600CA6BBC /* Tick.swift */,
				75E654A21F1761A400230402 /* MyValue.swift */,
			);
			name = Model;
			sourceTree = "<group>";
		};
		755E39341F08207700CA6BBC /* Util */ = {
			isa = PBXGroup;
			children = (
				755E39351F08208000CA6BBC /* Api.swift */,
				755E39361F08208000CA6BBC /* Const.swift */,
				755E39371F08208000CA6BBC /* Extension.swift */,
				75F538241F1946F200884EAA /* PopoverContentView.swift */,
				75F8CFDF28BA009400DD568A /* Reachability.swift */,
			);
			name = Util;
			sourceTree = "<group>";
		};
		75E6549B1F1684E700230402 /* Resources */ = {
			isa = PBXGroup;
			children = (
				755129F22862F8E800EC3CDF /* binance.png */,
				755129F12862F8E800EC3CDF /* upbit.png */,
				75E654991F1684E200230402 /* NanumSquareL.ttf */,
				75E6549A1F1684E200230402 /* NanumSquareR.ttf */,
			);
			name = Resources;
			sourceTree = "<group>";
		};
		75F86F7D28640C480048132C /* VC */ = {
			isa = PBXGroup;
			children = (
				755E392F1F08206E00CA6BBC /* VCPopover.swift */,
				755E39301F08206E00CA6BBC /* VCPopover.xib */,
				75CEB1A22861FD260088DB22 /* ItemCoin.swift */,
				75CEB1A32861FD260088DB22 /* ItemCoin.xib */,
				75021372286227C60078453E /* ItemTick.swift */,
				75021373286227C60078453E /* ItemTick.xib */,
				75F86F7E28640CDE0048132C /* HeaderCoin.swift */,
				75F86F8028640CEA0048132C /* HeaderCoin.xib */,
			);
			name = VC;
			sourceTree = "<group>";
		};
		F1B0EBF2BA831BFD2239AD6E /* Frameworks */ = {
			isa = PBXGroup;
			children = (
			);
			name = Frameworks;
			sourceTree = "<group>";
		};
/* End PBXGroup section */

/* Begin PBXNativeTarget section */
		755E391C1F081FA400CA6BBC /* CoinNow */ = {
			isa = PBXNativeTarget;
			buildConfigurationList = 755E392C1F081FA400CA6BBC /* Build configuration list for PBXNativeTarget "CoinNow" */;
			buildPhases = (
				755E39191F081FA400CA6BBC /* Sources */,
				755E391A1F081FA400CA6BBC /* Frameworks */,
				755E391B1F081FA400CA6BBC /* Resources */,
				75F86F7A2862FE640048132C /* ShellScript */,
			);
			buildRules = (
			);
			dependencies = (
			);
			name = CoinNow;
			packageProductDependencies = (
				75E1C85628C201330061D0B0 /* FirebaseAnalyticsSwift */,
				75E1C85828C201330061D0B0 /* FirebaseCrashlytics */,
				75E1C85A28C201330061D0B0 /* FirebaseRemoteConfigSwift */,
				15E306532BA1E0D6009B1C1D /* SwiftyJSON */,
				158295C72BA1E67E00E8072F /* Alamofire */,
				158295C92BA1E6B400E8072F /* FirebaseDatabase */,
				158295CE2BA1E8A500E8072F /* Starscream */,
			);
			productName = CoinNow;
			productReference = 755E391D1F081FA400CA6BBC /* CoinNow.app */;
			productType = "com.apple.product-type.application";
		};
/* End PBXNativeTarget section */

/* Begin PBXProject section */
		755E39151F081FA400CA6BBC /* Project object */ = {
			isa = PBXProject;
			attributes = {
				LastSwiftUpdateCheck = 0830;
				LastUpgradeCheck = 1340;
				ORGANIZATIONNAME = DingdingKim;
				TargetAttributes = {
					755E391C1F081FA400CA6BBC = {
						CreatedOnToolsVersion = 8.3.3;
						SystemCapabilities = {
							com.apple.Sandbox = {
								enabled = 0;
							};
						};
					};
				};
			};
			buildConfigurationList = 755E39181F081FA400CA6BBC /* Build configuration list for PBXProject "CoinNow" */;
			compatibilityVersion = "Xcode 3.2";
			developmentRegion = English;
			hasScannedForEncodings = 0;
			knownRegions = (
				English,
				en,
				Base,
			);
			mainGroup = 755E39141F081FA400CA6BBC;
			packageReferences = (
				75E1C85528C201330061D0B0 /* XCRemoteSwiftPackageReference "firebase-ios-sdk" */,
				15E306522BA1E0D6009B1C1D /* XCRemoteSwiftPackageReference "SwiftyJSON" */,
				158295C62BA1E67E00E8072F /* XCRemoteSwiftPackageReference "Alamofire" */,
				158295CB2BA1E84800E8072F /* XCRemoteSwiftPackageReference "Starscream" */,
			);
			productRefGroup = 755E391E1F081FA400CA6BBC /* Products */;
			projectDirPath = "";
			projectRoot = "";
			targets = (
				755E391C1F081FA400CA6BBC /* CoinNow */,
			);
		};
/* End PBXProject section */

/* Begin PBXResourcesBuildPhase section */
		755E391B1F081FA400CA6BBC /* Resources */ = {
			isa = PBXResourcesBuildPhase;
			buildActionMask = 2147483647;
			files = (
				755E39251F081FA400CA6BBC /* Assets.xcassets in Resources */,
				755129F32862F8E800EC3CDF /* upbit.png in Resources */,
				75E1C86328C6618B0061D0B0 /* GoogleService-Info.plist in Resources */,
				75021375286227C60078453E /* ItemTick.xib in Resources */,
				75CEB1A52861FD260088DB22 /* ItemCoin.xib in Resources */,
				75F86F8128640CEA0048132C /* HeaderCoin.xib in Resources */,
				755E39321F08206E00CA6BBC /* VCPopover.xib in Resources */,
				755129F42862F8E800EC3CDF /* binance.png in Resources */,
				755E39281F081FA400CA6BBC /* Main.storyboard in Resources */,
			);
			runOnlyForDeploymentPostprocessing = 0;
		};
/* End PBXResourcesBuildPhase section */

/* Begin PBXShellScriptBuildPhase section */
		75F86F7A2862FE640048132C /* ShellScript */ = {
			isa = PBXShellScriptBuildPhase;
			buildActionMask = 2147483647;
			files = (
			);
			inputFileListPaths = (
			);
			inputPaths = (
			);
			outputFileListPaths = (
			);
			outputPaths = (
			);
			runOnlyForDeploymentPostprocessing = 0;
			shellPath = /bin/sh;
			shellScript = "# Type a script or drag a script file from your workspace to insert its path.\nxattr -cr ~/Library/Developer/Xcode/DerivedData || echo Clear\n";
		};
/* End PBXShellScriptBuildPhase section */

/* Begin PBXSourcesBuildPhase section */
		755E39191F081FA400CA6BBC /* Sources */ = {
			isa = PBXSourcesBuildPhase;
			buildActionMask = 2147483647;
			files = (
				75F86F87286586F40048132C /* WSocket.swift in Sources */,
				755E393B1F08208000CA6BBC /* Extension.swift in Sources */,
				755E39391F08208000CA6BBC /* Api.swift in Sources */,
				75E6549F1F175B8400230402 /* Site.swift in Sources */,
				75CEB1A42861FD260088DB22 /* ItemCoin.swift in Sources */,
				75E654A31F1761A400230402 /* MyValue.swift in Sources */,
				755E393A1F08208000CA6BBC /* Const.swift in Sources */,
				755E39311F08206E00CA6BBC /* VCPopover.swift in Sources */,
				75F8CFE028BA009500DD568A /* Reachability.swift in Sources */,
				755E39401F08208600CA6BBC /* Tick.swift in Sources */,
				75021374286227C60078453E /* ItemTick.swift in Sources */,
				75F86F7F28640CDE0048132C /* HeaderCoin.swift in Sources */,
				75F538251F1946F200884EAA /* PopoverContentView.swift in Sources */,
				75E654A11F175C9F00230402 /* Coin.swift in Sources */,
				755E39211F081FA400CA6BBC /* AppDelegate.swift in Sources */,
			);
			runOnlyForDeploymentPostprocessing = 0;
		};
/* End PBXSourcesBuildPhase section */

/* Begin PBXVariantGroup section */
		755E39261F081FA400CA6BBC /* Main.storyboard */ = {
			isa = PBXVariantGroup;
			children = (
				755E39271F081FA400CA6BBC /* Base */,
			);
			name = Main.storyboard;
			sourceTree = "<group>";
		};
/* End PBXVariantGroup section */

/* Begin XCBuildConfiguration section */
		755E392A1F081FA400CA6BBC /* Debug */ = {
			isa = XCBuildConfiguration;
			buildSettings = {
				ALWAYS_SEARCH_USER_PATHS = NO;
				CLANG_ANALYZER_LOCALIZABILITY_NONLOCALIZED = YES;
				CLANG_ANALYZER_NONNULL = YES;
				CLANG_ANALYZER_NUMBER_OBJECT_CONVERSION = YES_AGGRESSIVE;
				CLANG_CXX_LANGUAGE_STANDARD = "gnu++0x";
				CLANG_CXX_LIBRARY = "libc++";
				CLANG_ENABLE_MODULES = YES;
				CLANG_ENABLE_OBJC_ARC = YES;
				CLANG_WARN_BLOCK_CAPTURE_AUTORELEASING = YES;
				CLANG_WARN_BOOL_CONVERSION = YES;
				CLANG_WARN_COMMA = YES;
				CLANG_WARN_CONSTANT_CONVERSION = YES;
				CLANG_WARN_DEPRECATED_OBJC_IMPLEMENTATIONS = YES;
				CLANG_WARN_DIRECT_OBJC_ISA_USAGE = YES_ERROR;
				CLANG_WARN_DOCUMENTATION_COMMENTS = YES;
				CLANG_WARN_EMPTY_BODY = YES;
				CLANG_WARN_ENUM_CONVERSION = YES;
				CLANG_WARN_INFINITE_RECURSION = YES;
				CLANG_WARN_INT_CONVERSION = YES;
				CLANG_WARN_NON_LITERAL_NULL_CONVERSION = YES;
				CLANG_WARN_OBJC_IMPLICIT_RETAIN_SELF = YES;
				CLANG_WARN_OBJC_LITERAL_CONVERSION = YES;
				CLANG_WARN_OBJC_ROOT_CLASS = YES_ERROR;
				CLANG_WARN_QUOTED_INCLUDE_IN_FRAMEWORK_HEADER = YES;
				CLANG_WARN_RANGE_LOOP_ANALYSIS = YES;
				CLANG_WARN_STRICT_PROTOTYPES = YES;
				CLANG_WARN_SUSPICIOUS_MOVE = YES;
				CLANG_WARN_UNREACHABLE_CODE = YES;
				CLANG_WARN__DUPLICATE_METHOD_MATCH = YES;
				CODE_SIGN_IDENTITY = "-";
				COPY_PHASE_STRIP = NO;
				DEBUG_INFORMATION_FORMAT = dwarf;
				ENABLE_STRICT_OBJC_MSGSEND = YES;
				ENABLE_TESTABILITY = YES;
				GCC_C_LANGUAGE_STANDARD = gnu99;
				GCC_DYNAMIC_NO_PIC = NO;
				GCC_NO_COMMON_BLOCKS = YES;
				GCC_OPTIMIZATION_LEVEL = 0;
				GCC_PREPROCESSOR_DEFINITIONS = (
					"DEBUG=1",
					"$(inherited)",
				);
				GCC_WARN_64_TO_32_BIT_CONVERSION = YES;
				GCC_WARN_ABOUT_RETURN_TYPE = YES_ERROR;
				GCC_WARN_UNDECLARED_SELECTOR = YES;
				GCC_WARN_UNINITIALIZED_AUTOS = YES_AGGRESSIVE;
				GCC_WARN_UNUSED_FUNCTION = YES;
				GCC_WARN_UNUSED_VARIABLE = YES;
				MACOSX_DEPLOYMENT_TARGET = 10.12;
				MTL_ENABLE_DEBUG_INFO = YES;
				ONLY_ACTIVE_ARCH = YES;
				SDKROOT = macosx;
				SWIFT_ACTIVE_COMPILATION_CONDITIONS = DEBUG;
				SWIFT_OPTIMIZATION_LEVEL = "-Onone";
			};
			name = Debug;
		};
		755E392B1F081FA400CA6BBC /* Release */ = {
			isa = XCBuildConfiguration;
			buildSettings = {
				ALWAYS_SEARCH_USER_PATHS = NO;
				CLANG_ANALYZER_LOCALIZABILITY_NONLOCALIZED = YES;
				CLANG_ANALYZER_NONNULL = YES;
				CLANG_ANALYZER_NUMBER_OBJECT_CONVERSION = YES_AGGRESSIVE;
				CLANG_CXX_LANGUAGE_STANDARD = "gnu++0x";
				CLANG_CXX_LIBRARY = "libc++";
				CLANG_ENABLE_MODULES = YES;
				CLANG_ENABLE_OBJC_ARC = YES;
				CLANG_WARN_BLOCK_CAPTURE_AUTORELEASING = YES;
				CLANG_WARN_BOOL_CONVERSION = YES;
				CLANG_WARN_COMMA = YES;
				CLANG_WARN_CONSTANT_CONVERSION = YES;
				CLANG_WARN_DEPRECATED_OBJC_IMPLEMENTATIONS = YES;
				CLANG_WARN_DIRECT_OBJC_ISA_USAGE = YES_ERROR;
				CLANG_WARN_DOCUMENTATION_COMMENTS = YES;
				CLANG_WARN_EMPTY_BODY = YES;
				CLANG_WARN_ENUM_CONVERSION = YES;
				CLANG_WARN_INFINITE_RECURSION = YES;
				CLANG_WARN_INT_CONVERSION = YES;
				CLANG_WARN_NON_LITERAL_NULL_CONVERSION = YES;
				CLANG_WARN_OBJC_IMPLICIT_RETAIN_SELF = YES;
				CLANG_WARN_OBJC_LITERAL_CONVERSION = YES;
				CLANG_WARN_OBJC_ROOT_CLASS = YES_ERROR;
				CLANG_WARN_QUOTED_INCLUDE_IN_FRAMEWORK_HEADER = YES;
				CLANG_WARN_RANGE_LOOP_ANALYSIS = YES;
				CLANG_WARN_STRICT_PROTOTYPES = YES;
				CLANG_WARN_SUSPICIOUS_MOVE = YES;
				CLANG_WARN_UNREACHABLE_CODE = YES;
				CLANG_WARN__DUPLICATE_METHOD_MATCH = YES;
				CODE_SIGN_IDENTITY = "-";
				COPY_PHASE_STRIP = NO;
				DEBUG_INFORMATION_FORMAT = "dwarf-with-dsym";
				ENABLE_NS_ASSERTIONS = NO;
				ENABLE_STRICT_OBJC_MSGSEND = YES;
				GCC_C_LANGUAGE_STANDARD = gnu99;
				GCC_NO_COMMON_BLOCKS = YES;
				GCC_WARN_64_TO_32_BIT_CONVERSION = YES;
				GCC_WARN_ABOUT_RETURN_TYPE = YES_ERROR;
				GCC_WARN_UNDECLARED_SELECTOR = YES;
				GCC_WARN_UNINITIALIZED_AUTOS = YES_AGGRESSIVE;
				GCC_WARN_UNUSED_FUNCTION = YES;
				GCC_WARN_UNUSED_VARIABLE = YES;
				MACOSX_DEPLOYMENT_TARGET = 10.12;
				MTL_ENABLE_DEBUG_INFO = NO;
				SDKROOT = macosx;
				SWIFT_COMPILATION_MODE = wholemodule;
				SWIFT_OPTIMIZATION_LEVEL = "-O";
			};
			name = Release;
		};
		755E392D1F081FA400CA6BBC /* Debug */ = {
			isa = XCBuildConfiguration;
			buildSettings = {
				ASSETCATALOG_COMPILER_APPICON_NAME = AppIcon;
				CODE_SIGN_ENTITLEMENTS = CoinNow/CoinNow.entitlements;
				CODE_SIGN_IDENTITY = "Apple Development";
				CODE_SIGN_STYLE = Automatic;
				COMBINE_HIDPI_IMAGES = YES;
				CURRENT_PROJECT_VERSION = 19;
				DEVELOPMENT_TEAM = G27DY99B8F;
				ENABLE_HARDENED_RUNTIME = YES;
				INFOPLIST_FILE = CoinNow/Info.plist;
				LD_RUNPATH_SEARCH_PATHS = (
					"$(inherited)",
					"@executable_path/../Frameworks",
				);
				MACOSX_DEPLOYMENT_TARGET = 10.14;
				MARKETING_VERSION = 2.0.0;
				PRODUCT_BUNDLE_IDENTIFIER = com.dingding.CoinNow;
				PRODUCT_NAME = "$(TARGET_NAME)";
				PROVISIONING_PROFILE_SPECIFIER = "";
				SWIFT_VERSION = 5.0;
			};
			name = Debug;
		};
		755E392E1F081FA400CA6BBC /* Release */ = {
			isa = XCBuildConfiguration;
			buildSettings = {
				ASSETCATALOG_COMPILER_APPICON_NAME = AppIcon;
				CODE_SIGN_ENTITLEMENTS = CoinNow/CoinNow.entitlements;
				CODE_SIGN_IDENTITY = "Apple Development";
				CODE_SIGN_STYLE = Automatic;
				COMBINE_HIDPI_IMAGES = YES;
				CURRENT_PROJECT_VERSION = 19;
				DEVELOPMENT_TEAM = G27DY99B8F;
				ENABLE_HARDENED_RUNTIME = YES;
				INFOPLIST_FILE = CoinNow/Info.plist;
				LD_RUNPATH_SEARCH_PATHS = (
					"$(inherited)",
					"@executable_path/../Frameworks",
				);
				MACOSX_DEPLOYMENT_TARGET = 10.14;
				MARKETING_VERSION = 2.0.0;
				PRODUCT_BUNDLE_IDENTIFIER = com.dingding.CoinNow;
				PRODUCT_NAME = "$(TARGET_NAME)";
				PROVISIONING_PROFILE_SPECIFIER = "";
				SWIFT_VERSION = 5.0;
			};
			name = Release;
		};
/* End XCBuildConfiguration section */

/* Begin XCConfigurationList section */
		755E39181F081FA400CA6BBC /* Build configuration list for PBXProject "CoinNow" */ = {
			isa = XCConfigurationList;
			buildConfigurations = (
				755E392A1F081FA400CA6BBC /* Debug */,
				755E392B1F081FA400CA6BBC /* Release */,
			);
			defaultConfigurationIsVisible = 0;
			defaultConfigurationName = Release;
		};
		755E392C1F081FA400CA6BBC /* Build configuration list for PBXNativeTarget "CoinNow" */ = {
			isa = XCConfigurationList;
			buildConfigurations = (
				755E392D1F081FA400CA6BBC /* Debug */,
				755E392E1F081FA400CA6BBC /* Release */,
			);
			defaultConfigurationIsVisible = 0;
			defaultConfigurationName = Release;
		};
/* End XCConfigurationList section */

/* Begin XCRemoteSwiftPackageReference section */
		158295C62BA1E67E00E8072F /* XCRemoteSwiftPackageReference "Alamofire" */ = {
			isa = XCRemoteSwiftPackageReference;
			repositoryURL = "https://github.com/Alamofire/Alamofire.git";
			requirement = {
				kind = upToNextMajorVersion;
				minimumVersion = 4.0.0;
			};
		};
		158295CB2BA1E84800E8072F /* XCRemoteSwiftPackageReference "Starscream" */ = {
			isa = XCRemoteSwiftPackageReference;
			repositoryURL = "https://github.com/daltoniam/Starscream.git";
			requirement = {
				kind = exactVersion;
				version = 4.0.4;
			};
		};
		15E306522BA1E0D6009B1C1D /* XCRemoteSwiftPackageReference "SwiftyJSON" */ = {
			isa = XCRemoteSwiftPackageReference;
			repositoryURL = "https://github.com/SwiftyJSON/SwiftyJSON.git";
			requirement = {
				kind = upToNextMajorVersion;
				minimumVersion = 5.0.1;
			};
		};
		75E1C85528C201330061D0B0 /* XCRemoteSwiftPackageReference "firebase-ios-sdk" */ = {
			isa = XCRemoteSwiftPackageReference;
			repositoryURL = "https://github.com/firebase/firebase-ios-sdk";
			requirement = {
				kind = upToNextMajorVersion;
				minimumVersion = 9.0.0;
			};
		};
/* End XCRemoteSwiftPackageReference section */

/* Begin XCSwiftPackageProductDependency section */
		158295C72BA1E67E00E8072F /* Alamofire */ = {
			isa = XCSwiftPackageProductDependency;
			package = 158295C62BA1E67E00E8072F /* XCRemoteSwiftPackageReference "Alamofire" */;
			productName = Alamofire;
		};
		158295C92BA1E6B400E8072F /* FirebaseDatabase */ = {
			isa = XCSwiftPackageProductDependency;
			package = 75E1C85528C201330061D0B0 /* XCRemoteSwiftPackageReference "firebase-ios-sdk" */;
			productName = FirebaseDatabase;
		};
		158295CE2BA1E8A500E8072F /* Starscream */ = {
			isa = XCSwiftPackageProductDependency;
			package = 158295CB2BA1E84800E8072F /* XCRemoteSwiftPackageReference "Starscream" */;
			productName = Starscream;
		};
		15E306532BA1E0D6009B1C1D /* SwiftyJSON */ = {
			isa = XCSwiftPackageProductDependency;
			package = 15E306522BA1E0D6009B1C1D /* XCRemoteSwiftPackageReference "SwiftyJSON" */;
			productName = SwiftyJSON;
		};
		75E1C85628C201330061D0B0 /* FirebaseAnalyticsSwift */ = {
			isa = XCSwiftPackageProductDependency;
			package = 75E1C85528C201330061D0B0 /* XCRemoteSwiftPackageReference "firebase-ios-sdk" */;
			productName = FirebaseAnalyticsSwift;
		};
		75E1C85828C201330061D0B0 /* FirebaseCrashlytics */ = {
			isa = XCSwiftPackageProductDependency;
			package = 75E1C85528C201330061D0B0 /* XCRemoteSwiftPackageReference "firebase-ios-sdk" */;
			productName = FirebaseCrashlytics;
		};
		75E1C85A28C201330061D0B0 /* FirebaseRemoteConfigSwift */ = {
			isa = XCSwiftPackageProductDependency;
			package = 75E1C85528C201330061D0B0 /* XCRemoteSwiftPackageReference "firebase-ios-sdk" */;
			productName = FirebaseRemoteConfigSwift;
		};
/* End XCSwiftPackageProductDependency section */
	};
	rootObject = 755E39151F081FA400CA6BBC /* Project object */;
}
